
Microsoft Visual Studio Solution File, Format Version 12.00
# Visual Studio 15
Project("{FAE04EC0-301F-11D3-BF4B-00C04F79EFBC}") = "Assembly-CSharp", "Assembly-CSharp.csproj", "{FFB2F85D-4FEF-BDB9-1F23-E1D85B94840D}"
EndProject
Global
	GlobalSection(SolutionConfigurationPlatforms) = preSolution
		Debug|Any CPU = Debug|Any CPU
		Release|Any CPU = Release|Any CPU
	EndGlobalSection
	GlobalSection(ProjectConfigurationPlatforms) = postSolution
		{FFB2F85D-4FEF-BDB9-1F23-E1D85B94840D}.Debug|Any CPU.ActiveCfg = Debug|Any CPU
		{FFB2F85D-4FEF-BDB9-1F23-E1D85B94840D}.Debug|Any CPU.Build.0 = Debug|Any CPU
		{FFB2F85D-4FEF-BDB9-1F23-E1D85B94840D}.Release|Any CPU.ActiveCfg = Release|Any CPU
		{FFB2F85D-4FEF-BDB9-1F23-E1D85B94840D}.Release|Any CPU.Build.0 = Release|Any CPU
	EndGlobalSection
	GlobalSection(SolutionProperties) = preSolution
		HideSolutionNode = FALSE
	EndGlobalSection
EndGlobal
